// !$*UTF8*$!
{
	archiveVersion = 1;
	classes = {
	};
	objectVersion = 55;
	objects = {

/* Begin PBXBuildFile section */
		067EAD2D2745107A003711ED /* Tests_iOS.swift in Sources */ = {isa = PBXBuildFile; fileRef = 067EAD2C2745107A003711ED /* Tests_iOS.swift */; };
		067EAD2F2745107A003711ED /* Tests_iOSLaunchTests.swift in Sources */ = {isa = PBXBuildFile; fileRef = 067EAD2E2745107A003711ED /* Tests_iOSLaunchTests.swift */; };
		067EAD392745107A003711ED /* Tests_macOS.swift in Sources */ = {isa = PBXBuildFile; fileRef = 067EAD382745107A003711ED /* Tests_macOS.swift */; };
		067EAD3B2745107A003711ED /* Tests_macOSLaunchTests.swift in Sources */ = {isa = PBXBuildFile; fileRef = 067EAD3A2745107A003711ED /* Tests_macOSLaunchTests.swift */; };
		067EAD3C2745107A003711ED /* TouchIDTestApp.swift in Sources */ = {isa = PBXBuildFile; fileRef = 067EAD1427451079003711ED /* TouchIDTestApp.swift */; };
		067EAD3D2745107A003711ED /* TouchIDTestApp.swift in Sources */ = {isa = PBXBuildFile; fileRef = 067EAD1427451079003711ED /* TouchIDTestApp.swift */; };
		067EAD3E2745107A003711ED /* ContentView.swift in Sources */ = {isa = PBXBuildFile; fileRef = 067EAD1527451079003711ED /* ContentView.swift */; };
		067EAD3F2745107A003711ED /* ContentView.swift in Sources */ = {isa = PBXBuildFile; fileRef = 067EAD1527451079003711ED /* ContentView.swift */; };
		067EAD402745107A003711ED /* Assets.xcassets in Resources */ = {isa = PBXBuildFile; fileRef = 067EAD162745107A003711ED /* Assets.xcassets */; };
		067EAD412745107A003711ED /* Assets.xcassets in Resources */ = {isa = PBXBuildFile; fileRef = 067EAD162745107A003711ED /* Assets.xcassets */; };
/* End PBXBuildFile section */

/* Begin PBXContainerItemProxy section */
		067EAD292745107A003711ED /* PBXContainerItemProxy */ = {
			isa = PBXContainerItemProxy;
			containerPortal = 067EAD0F27451078003711ED /* Project object */;
			proxyType = 1;
			remoteGlobalIDString = 067EAD1A2745107A003711ED;
			remoteInfo = "TouchIDTest (iOS)";
		};
		067EAD352745107A003711ED /* PBXContainerItemProxy */ = {
			isa = PBXContainerItemProxy;
			containerPortal = 067EAD0F27451078003711ED /* Project object */;
			proxyType = 1;
			remoteGlobalIDString = 067EAD202745107A003711ED;
			remoteInfo = "TouchIDTest (macOS)";
		};
/* End PBXContainerItemProxy section */

/* Begin PBXFileReference section */
		067EAD1427451079003711ED /* TouchIDTestApp.swift */ = {isa = PBXFileReference; lastKnownFileType = sourcecode.swift; path = TouchIDTestApp.swift; sourceTree = "<group>"; };
		067EAD1527451079003711ED /* ContentView.swift */ = {isa = PBXFileReference; lastKnownFileType = sourcecode.swift; path = ContentView.swift; sourceTree = "<group>"; };
		067EAD162745107A003711ED /* Assets.xcassets */ = {isa = PBXFileReference; lastKnownFileType = folder.assetcatalog; path = Assets.xcassets; sourceTree = "<group>"; };
		067EAD1B2745107A003711ED /* TouchIDTest.app */ = {isa = PBXFileReference; explicitFileType = wrapper.application; includeInIndex = 0; path = TouchIDTest.app; sourceTree = BUILT_PRODUCTS_DIR; };
		067EAD212745107A003711ED /* TouchIDTest.app */ = {isa = PBXFileReference; explicitFileType = wrapper.application; includeInIndex = 0; path = TouchIDTest.app; sourceTree = BUILT_PRODUCTS_DIR; };
		067EAD232745107A003711ED /* macOS.entitlements */ = {isa = PBXFileReference; lastKnownFileType = text.plist.entitlements; path = macOS.entitlements; sourceTree = "<group>"; };
		067EAD282745107A003711ED /* Tests iOS.xctest */ = {isa = PBXFileReference; explicitFileType = wrapper.cfbundle; includeInIndex = 0; path = "Tests iOS.xctest"; sourceTree = BUILT_PRODUCTS_DIR; };
		067EAD2C2745107A003711ED /* Tests_iOS.swift */ = {isa = PBXFileReference; lastKnownFileType = sourcecode.swift; path = Tests_iOS.swift; sourceTree = "<group>"; };
		067EAD2E2745107A003711ED /* Tests_iOSLaunchTests.swift */ = {isa = PBXFileReference; lastKnownFileType = sourcecode.swift; path = Tests_iOSLaunchTests.swift; sourceTree = "<group>"; };
		067EAD342745107A003711ED /* Tests macOS.xctest */ = {isa = PBXFileReference; explicitFileType = wrapper.cfbundle; includeInIndex = 0; path = "Tests macOS.xctest"; sourceTree = BUILT_PRODUCTS_DIR; };
		067EAD382745107A003711ED /* Tests_macOS.swift */ = {isa = PBXFileReference; lastKnownFileType = sourcecode.swift; path = Tests_macOS.swift; sourceTree = "<group>"; };
		067EAD3A2745107A003711ED /* Tests_macOSLaunchTests.swift */ = {isa = PBXFileReference; lastKnownFileType = sourcecode.swift; path = Tests_macOSLaunchTests.swift; sourceTree = "<group>"; };
/* End PBXFileReference section */

/* Begin PBXFrameworksBuildPhase section */
		067EAD182745107A003711ED /* Frameworks */ = {
			isa = PBXFrameworksBuildPhase;
			buildActionMask = 2147483647;
			files = (
			);
			runOnlyForDeploymentPostprocessing = 0;
		};
		067EAD1E2745107A003711ED /* Frameworks */ = {
			isa = PBXFrameworksBuildPhase;
			buildActionMask = 2147483647;
			files = (
			);
			runOnlyForDeploymentPostprocessing = 0;
		};
		067EAD252745107A003711ED /* Frameworks */ = {
			isa = PBXFrameworksBuildPhase;
			buildActionMask = 2147483647;
			files = (
			);
			runOnlyForDeploymentPostprocessing = 0;
		};
		067EAD312745107A003711ED /* Frameworks */ = {
			isa = PBXFrameworksBuildPhase;
			buildActionMask = 2147483647;
			files = (
			);
			runOnlyForDeploymentPostprocessing = 0;
		};
/* End PBXFrameworksBuildPhase section */

/* Begin PBXGroup section */
		067EAD0E27451078003711ED = {
			isa = PBXGroup;
			children = (
				067EAD1327451079003711ED /* Shared */,
				067EAD222745107A003711ED /* macOS */,
				067EAD2B2745107A003711ED /* Tests iOS */,
				067EAD372745107A003711ED /* Tests macOS */,
				067EAD1C2745107A003711ED /* Products */,
			);
			sourceTree = "<group>";
		};
		067EAD1327451079003711ED /* Shared */ = {
			isa = PBXGroup;
			children = (
				067EAD1427451079003711ED /* TouchIDTestApp.swift */,
				067EAD1527451079003711ED /* ContentView.swift */,
				067EAD162745107A003711ED /* Assets.xcassets */,
			);
			path = Shared;
			sourceTree = "<group>";
		};
		067EAD1C2745107A003711ED /* Products */ = {
			isa = PBXGroup;
			children = (
				067EAD1B2745107A003711ED /* TouchIDTest.app */,
				067EAD212745107A003711ED /* TouchIDTest.app */,
				067EAD282745107A003711ED /* Tests iOS.xctest */,
				067EAD342745107A003711ED /* Tests macOS.xctest */,
			);
			name = Products;
			sourceTree = "<group>";
		};
		067EAD222745107A003711ED /* macOS */ = {
			isa = PBXGroup;
			children = (
				067EAD232745107A003711ED /* macOS.entitlements */,
			);
			path = macOS;
			sourceTree = "<group>";
		};
		067EAD2B2745107A003711ED /* Tests iOS */ = {
			isa = PBXGroup;
			children = (
				067EAD2C2745107A003711ED /* Tests_iOS.swift */,
				067EAD2E2745107A003711ED /* Tests_iOSLaunchTests.swift */,
			);
			path = "Tests iOS";
			sourceTree = "<group>";
		};
		067EAD372745107A003711ED /* Tests macOS */ = {
			isa = PBXGroup;
			children = (
				067EAD382745107A003711ED /* Tests_macOS.swift */,
				067EAD3A2745107A003711ED /* Tests_macOSLaunchTests.swift */,
			);
			path = "Tests macOS";
			sourceTree = "<group>";
		};
/* End PBXGroup section */

/* Begin PBXNativeTarget section */
		067EAD1A2745107A003711ED /* TouchIDTest (iOS) */ = {
			isa = PBXNativeTarget;
			buildConfigurationList = 067EAD442745107A003711ED /* Build configuration list for PBXNativeTarget "TouchIDTest (iOS)" */;
			buildPhases = (
				067EAD172745107A003711ED /* Sources */,
				067EAD182745107A003711ED /* Frameworks */,
				067EAD192745107A003711ED /* Resources */,
			);
			buildRules = (
			);
			dependencies = (
			);
			name = "TouchIDTest (iOS)";
			productName = "TouchIDTest (iOS)";
			productReference = 067EAD1B2745107A003711ED /* TouchIDTest.app */;
			productType = "com.apple.product-type.application";
		};
		067EAD202745107A003711ED /* TouchIDTest (macOS) */ = {
			isa = PBXNativeTarget;
			buildConfigurationList = 067EAD472745107A003711ED /* Build configuration list for PBXNativeTarget "TouchIDTest (macOS)" */;
			buildPhases = (
				067EAD1D2745107A003711ED /* Sources */,
				067EAD1E2745107A003711ED /* Frameworks */,
				067EAD1F2745107A003711ED /* Resources */,
			);
			buildRules = (
			);
			dependencies = (
			);
			name = "TouchIDTest (macOS)";
			productName = "TouchIDTest (macOS)";
			productReference = 067EAD212745107A003711ED /* TouchIDTest.app */;
			productType = "com.apple.product-type.application";
		};
		067EAD272745107A003711ED /* Tests iOS */ = {
			isa = PBXNativeTarget;
			buildConfigurationList = 067EAD4A2745107A003711ED /* Build configuration list for PBXNativeTarget "Tests iOS" */;
			buildPhases = (
				067EAD242745107A003711ED /* Sources */,
				067EAD252745107A003711ED /* Frameworks */,
				067EAD262745107A003711ED /* Resources */,
			);
			buildRules = (
			);
			dependencies = (
				067EAD2A2745107A003711ED /* PBXTargetDependency */,
			);
			name = "Tests iOS";
			productName = "Tests iOS";
			productReference = 067EAD282745107A003711ED /* Tests iOS.xctest */;
			productType = "com.apple.product-type.bundle.ui-testing";
		};
		067EAD332745107A003711ED /* Tests macOS */ = {
			isa = PBXNativeTarget;
			buildConfigurationList = 067EAD4D2745107A003711ED /* Build configuration list for PBXNativeTarget "Tests macOS" */;
			buildPhases = (
				067EAD302745107A003711ED /* Sources */,
				067EAD312745107A003711ED /* Frameworks */,
				067EAD322745107A003711ED /* Resources */,
			);
			buildRules = (
			);
			dependencies = (
				067EAD362745107A003711ED /* PBXTargetDependency */,
			);
			name = "Tests macOS";
			productName = "Tests macOS";
			productReference = 067EAD342745107A003711ED /* Tests macOS.xctest */;
			productType = "com.apple.product-type.bundle.ui-testing";
		};
/* End PBXNativeTarget section */

/* Begin PBXProject section */
		067EAD0F27451078003711ED /* Project object */ = {
			isa = PBXProject;
			attributes = {
				BuildIndependentTargetsInParallel = 1;
				LastSwiftUpdateCheck = 1300;
				LastUpgradeCheck = 1300;
				TargetAttributes = {
					067EAD1A2745107A003711ED = {
						CreatedOnToolsVersion = 13.0;
					};
					067EAD202745107A003711ED = {
						CreatedOnToolsVersion = 13.0;
					};
					067EAD272745107A003711ED = {
						CreatedOnToolsVersion = 13.0;
						TestTargetID = 067EAD1A2745107A003711ED;
					};
					067EAD332745107A003711ED = {
						CreatedOnToolsVersion = 13.0;
						TestTargetID = 067EAD202745107A003711ED;
					};
				};
			};
			buildConfigurationList = 067EAD1227451078003711ED /* Build configuration list for PBXProject "TouchIDTest" */;
			compatibilityVersion = "Xcode 13.0";
			developmentRegion = en;
			hasScannedForEncodings = 0;
			knownRegions = (
				en,
				Base,
			);
			mainGroup = 067EAD0E27451078003711ED;
			productRefGroup = 067EAD1C2745107A003711ED /* Products */;
			projectDirPath = "";
			projectRoot = "";
			targets = (
				067EAD1A2745107A003711ED /* TouchIDTest (iOS) */,
				067EAD202745107A003711ED /* TouchIDTest (macOS) */,
				067EAD272745107A003711ED /* Tests iOS */,
				067EAD332745107A003711ED /* Tests macOS */,
			);
		};
/* End PBXProject section */

/* Begin PBXResourcesBuildPhase section */
		067EAD192745107A003711ED /* Resources */ = {
			isa = PBXResourcesBuildPhase;
			buildActionMask = 2147483647;
			files = (
				067EAD402745107A003711ED /* Assets.xcassets in Resources */,
			);
			runOnlyForDeploymentPostprocessing = 0;
		};
		067EAD1F2745107A003711ED /* Resources */ = {
			isa = PBXResourcesBuildPhase;
			buildActionMask = 2147483647;
			files = (
				067EAD412745107A003711ED /* Assets.xcassets in Resources */,
			);
			runOnlyForDeploymentPostprocessing = 0;
		};
		067EAD262745107A003711ED /* Resources */ = {
			isa = PBXResourcesBuildPhase;
			buildActionMask = 2147483647;
			files = (
			);
			runOnlyForDeploymentPostprocessing = 0;
		};
		067EAD322745107A003711ED /* Resources */ = {
			isa = PBXResourcesBuildPhase;
			buildActionMask = 2147483647;
			files = (
			);
			runOnlyForDeploymentPostprocessing = 0;
		};
/* End PBXResourcesBuildPhase section */

/* Begin PBXSourcesBuildPhase section */
		067EAD172745107A003711ED /* Sources */ = {
			isa = PBXSourcesBuildPhase;
			buildActionMask = 2147483647;
			files = (
				067EAD3E2745107A003711ED /* ContentView.swift in Sources */,
				067EAD3C2745107A003711ED /* TouchIDTestApp.swift in Sources */,
			);
			runOnlyForDeploymentPostprocessing = 0;
		};
		067EAD1D2745107A003711ED /* Sources */ = {
			isa = PBXSourcesBuildPhase;
			buildActionMask = 2147483647;
			files = (
				067EAD3F2745107A003711ED /* ContentView.swift in Sources */,
				067EAD3D2745107A003711ED /* TouchIDTestApp.swift in Sources */,
			);
			runOnlyForDeploymentPostprocessing = 0;
		};
		067EAD242745107A003711ED /* Sources */ = {
			isa = PBXSourcesBuildPhase;
			buildActionMask = 2147483647;
			files = (
				067EAD2F2745107A003711ED /* Tests_iOSLaunchTests.swift in Sources */,
				067EAD2D2745107A003711ED /* Tests_iOS.swift in Sources */,
			);
			runOnlyForDeploymentPostprocessing = 0;
		};
		067EAD302745107A003711ED /* Sources */ = {
			isa = PBXSourcesBuildPhase;
			buildActionMask = 2147483647;
			files = (
				067EAD3B2745107A003711ED /* Tests_macOSLaunchTests.swift in Sources */,
				067EAD392745107A003711ED /* Tests_macOS.swift in Sources */,
			);
			runOnlyForDeploymentPostprocessing = 0;
		};
/* End PBXSourcesBuildPhase section */

/* Begin PBXTargetDependency section */
		067EAD2A2745107A003711ED /* PBXTargetDependency */ = {
			isa = PBXTargetDependency;
			target = 067EAD1A2745107A003711ED /* TouchIDTest (iOS) */;
			targetProxy = 067EAD292745107A003711ED /* PBXContainerItemProxy */;
		};
		067EAD362745107A003711ED /* PBXTargetDependency */ = {
			isa = PBXTargetDependency;
			target = 067EAD202745107A003711ED /* TouchIDTest (macOS) */;
			targetProxy = 067EAD352745107A003711ED /* PBXContainerItemProxy */;
		};
/* End PBXTargetDependency section */

/* Begin XCBuildConfiguration section */
		067EAD422745107A003711ED /* Debug */ = {
			isa = XCBuildConfiguration;
			buildSettings = {
				ALWAYS_SEARCH_USER_PATHS = NO;
				CLANG_ANALYZER_NONNULL = YES;
				CLANG_ANALYZER_NUMBER_OBJECT_CONVERSION = YES_AGGRESSIVE;
				CLANG_CXX_LANGUAGE_STANDARD = "gnu++17";
				CLANG_CXX_LIBRARY = "libc++";
				CLANG_ENABLE_MODULES = YES;
				CLANG_ENABLE_OBJC_ARC = YES;
				CLANG_ENABLE_OBJC_WEAK = YES;
				CLANG_WARN_BLOCK_CAPTURE_AUTORELEASING = YES;
				CLANG_WARN_BOOL_CONVERSION = YES;
				CLANG_WARN_COMMA = YES;
				CLANG_WARN_CONSTANT_CONVERSION = YES;
				CLANG_WARN_DEPRECATED_OBJC_IMPLEMENTATIONS = YES;
				CLANG_WARN_DIRECT_OBJC_ISA_USAGE = YES_ERROR;
				CLANG_WARN_DOCUMENTATION_COMMENTS = YES;
				CLANG_WARN_EMPTY_BODY = YES;
				CLANG_WARN_ENUM_CONVERSION = YES;
				CLANG_WARN_INFINITE_RECURSION = YES;
				CLANG_WARN_INT_CONVERSION = YES;
				CLANG_WARN_NON_LITERAL_NULL_CONVERSION = YES;
				CLANG_WARN_OBJC_IMPLICIT_RETAIN_SELF = YES;
				CLANG_WARN_OBJC_LITERAL_CONVERSION = YES;
				CLANG_WARN_OBJC_ROOT_CLASS = YES_ERROR;
				CLANG_WARN_QUOTED_INCLUDE_IN_FRAMEWORK_HEADER = YES;
				CLANG_WARN_RANGE_LOOP_ANALYSIS = YES;
				CLANG_WARN_STRICT_PROTOTYPES = YES;
				CLANG_WARN_SUSPICIOUS_MOVE = YES;
				CLANG_WARN_UNGUARDED_AVAILABILITY = YES_AGGRESSIVE;
				CLANG_WARN_UNREACHABLE_CODE = YES;
				CLANG_WARN__DUPLICATE_METHOD_MATCH = YES;
				COPY_PHASE_STRIP = NO;
				DEBUG_INFORMATION_FORMAT = dwarf;
				ENABLE_STRICT_OBJC_MSGSEND = YES;
				ENABLE_TESTABILITY = YES;
				GCC_C_LANGUAGE_STANDARD = gnu11;
				GCC_DYNAMIC_NO_PIC = NO;
				GCC_NO_COMMON_BLOCKS = YES;
				GCC_OPTIMIZATION_LEVEL = 0;
				GCC_PREPROCESSOR_DEFINITIONS = (
					"DEBUG=1",
					"$(inherited)",
				);
				GCC_WARN_64_TO_32_BIT_CONVERSION = YES;
				GCC_WARN_ABOUT_RETURN_TYPE = YES_ERROR;
				GCC_WARN_UNDECLARED_SELECTOR = YES;
				GCC_WARN_UNINITIALIZED_AUTOS = YES_AGGRESSIVE;
				GCC_WARN_UNUSED_FUNCTION = YES;
				GCC_WARN_UNUSED_VARIABLE = YES;
				MTL_ENABLE_DEBUG_INFO = INCLUDE_SOURCE;
				MTL_FAST_MATH = YES;
				ONLY_ACTIVE_ARCH = YES;
				SWIFT_ACTIVE_COMPILATION_CONDITIONS = DEBUG;
				SWIFT_OPTIMIZATION_LEVEL = "-Onone";
			};
			name = Debug;
		};
		067EAD432745107A003711ED /* Release */ = {
			isa = XCBuildConfiguration;
			buildSettings = {
				ALWAYS_SEARCH_USER_PATHS = NO;
				CLANG_ANALYZER_NONNULL = YES;
				CLANG_ANALYZER_NUMBER_OBJECT_CONVERSION = YES_AGGRESSIVE;
				CLANG_CXX_LANGUAGE_STANDARD = "gnu++17";
				CLANG_CXX_LIBRARY = "libc++";
				CLANG_ENABLE_MODULES = YES;
				CLANG_ENABLE_OBJC_ARC = YES;
				CLANG_ENABLE_OBJC_WEAK = YES;
				CLANG_WARN_BLOCK_CAPTURE_AUTORELEASING = YES;
				CLANG_WARN_BOOL_CONVERSION = YES;
				CLANG_WARN_COMMA = YES;
				CLANG_WARN_CONSTANT_CONVERSION = YES;
				CLANG_WARN_DEPRECATED_OBJC_IMPLEMENTATIONS = YES;
				CLANG_WARN_DIRECT_OBJC_ISA_USAGE = YES_ERROR;
				CLANG_WARN_DOCUMENTATION_COMMENTS = YES;
				CLANG_WARN_EMPTY_BODY = YES;
				CLANG_WARN_ENUM_CONVERSION = YES;
				CLANG_WARN_INFINITE_RECURSION = YES;
				CLANG_WARN_INT_CONVERSION = YES;
				CLANG_WARN_NON_LITERAL_NULL_CONVERSION = YES;
				CLANG_WARN_OBJC_IMPLICIT_RETAIN_SELF = YES;
				CLANG_WARN_OBJC_LITERAL_CONVERSION = YES;
				CLANG_WARN_OBJC_ROOT_CLASS = YES_ERROR;
				CLANG_WARN_QUOTED_INCLUDE_IN_FRAMEWORK_HEADER = YES;
				CLANG_WARN_RANGE_LOOP_ANALYSIS = YES;
				CLANG_WARN_STRICT_PROTOTYPES = YES;
				CLANG_WARN_SUSPICIOUS_MOVE = YES;
				CLANG_WARN_UNGUARDED_AVAILABILITY = YES_AGGRESSIVE;
				CLANG_WARN_UNREACHABLE_CODE = YES;
				CLANG_WARN__DUPLICATE_METHOD_MATCH = YES;
				COPY_PHASE_STRIP = NO;
				DEBUG_INFORMATION_FORMAT = "dwarf-with-dsym";
				ENABLE_NS_ASSERTIONS = NO;
				ENABLE_STRICT_OBJC_MSGSEND = YES;
				GCC_C_LANGUAGE_STANDARD = gnu11;
				GCC_NO_COMMON_BLOCKS = YES;
				GCC_WARN_64_TO_32_BIT_CONVERSION = YES;
				GCC_WARN_ABOUT_RETURN_TYPE = YES_ERROR;
				GCC_WARN_UNDECLARED_SELECTOR = YES;
				GCC_WARN_UNINITIALIZED_AUTOS = YES_AGGRESSIVE;
				GCC_WARN_UNUSED_FUNCTION = YES;
				GCC_WARN_UNUSED_VARIABLE = YES;
				MTL_ENABLE_DEBUG_INFO = NO;
				MTL_FAST_MATH = YES;
				SWIFT_COMPILATION_MODE = wholemodule;
				SWIFT_OPTIMIZATION_LEVEL = "-O";
			};
			name = Release;
		};
		067EAD452745107A003711ED /* Debug */ = {
			isa = XCBuildConfiguration;
			buildSettings = {
				ASSETCATALOG_COMPILER_APPICON_NAME = AppIcon;
				ASSETCATALOG_COMPILER_GLOBAL_ACCENT_COLOR_NAME = AccentColor;
				CODE_SIGN_STYLE = Automatic;
				CURRENT_PROJECT_VERSION = 1;
				DEVELOPMENT_TEAM = QHEPWB64JP;
				ENABLE_PREVIEWS = YES;
				GENERATE_INFOPLIST_FILE = YES;
				INFOPLIST_KEY_UIApplicationSceneManifest_Generation = YES;
				INFOPLIST_KEY_UIApplicationSupportsIndirectInputEvents = YES;
				INFOPLIST_KEY_UILaunchScreen_Generation = YES;
				INFOPLIST_KEY_UISupportedInterfaceOrientations_iPad = "UIInterfaceOrientationPortrait UIInterfaceOrientationPortraitUpsideDown UIInterfaceOrientationLandscapeLeft UIInterfaceOrientationLandscapeRight";
				INFOPLIST_KEY_UISupportedInterfaceOrientations_iPhone = "UIInterfaceOrientationPortrait UIInterfaceOrientationLandscapeLeft UIInterfaceOrientationLandscapeRight";
				IPHONEOS_DEPLOYMENT_TARGET = 14.0;
				LD_RUNPATH_SEARCH_PATHS = (
					"$(inherited)",
					"@executable_path/Frameworks",
				);
				MARKETING_VERSION = 1.0;
				PRODUCT_BUNDLE_IDENTIFIER = d.TouchIDTest;
				PRODUCT_NAME = TouchIDTest;
				SDKROOT = iphoneos;
				SWIFT_EMIT_LOC_STRINGS = YES;
				SWIFT_VERSION = 5.0;
				TARGETED_DEVICE_FAMILY = "1,2";
			};
			name = Debug;
		};
		067EAD462745107A003711ED /* Release */ = {
			isa = XCBuildConfiguration;
			buildSettings = {
				ASSETCATALOG_COMPILER_APPICON_NAME = AppIcon;
				ASSETCATALOG_COMPILER_GLOBAL_ACCENT_COLOR_NAME = AccentColor;
				CODE_SIGN_STYLE = Automatic;
				CURRENT_PROJECT_VERSION = 1;
				DEVELOPMENT_TEAM = QHEPWB64JP;
				ENABLE_PREVIEWS = YES;
				GENERATE_INFOPLIST_FILE = YES;
				INFOPLIST_KEY_UIApplicationSceneManifest_Generation = YES;
				INFOPLIST_KEY_UIApplicationSupportsIndirectInputEvents = YES;
				INFOPLIST_KEY_UILaunchScreen_Generation = YES;
				INFOPLIST_KEY_UISupportedInterfaceOrientations_iPad = "UIInterfaceOrientationPortrait UIInterfaceOrientationPortraitUpsideDown UIInterfaceOrientationLandscapeLeft UIInterfaceOrientationLandscapeRight";
				INFOPLIST_KEY_UISupportedInterfaceOrientations_iPhone = "UIInterfaceOrientationPortrait UIInterfaceOrientationLandscapeLeft UIInterfaceOrientationLandscapeRight";
				IPHONEOS_DEPLOYMENT_TARGET = 14.0;
				LD_RUNPATH_SEARCH_PATHS = (
					"$(inherited)",
					"@executable_path/Frameworks",
				);
				MARKETING_VERSION = 1.0;
				PRODUCT_BUNDLE_IDENTIFIER = d.TouchIDTest;
				PRODUCT_NAME = TouchIDTest;
				SDKROOT = iphoneos;
				SWIFT_EMIT_LOC_STRINGS = YES;
				SWIFT_VERSION = 5.0;
				TARGETED_DEVICE_FAMILY = "1,2";
				VALIDATE_PRODUCT = YES;
			};
			name = Release;
		};
		067EAD482745107A003711ED /* Debug */ = {
			isa = XCBuildConfiguration;
			buildSettings = {
				ASSETCATALOG_COMPILER_APPICON_NAME = AppIcon;
				ASSETCATALOG_COMPILER_GLOBAL_ACCENT_COLOR_NAME = AccentColor;
				CODE_SIGN_ENTITLEMENTS = macOS/macOS.entitlements;
				CODE_SIGN_STYLE = Automatic;
				COMBINE_HIDPI_IMAGES = YES;
				CURRENT_PROJECT_VERSION = 1;
				ENABLE_PREVIEWS = YES;
				GENERATE_INFOPLIST_FILE = YES;
				INFOPLIST_KEY_NSHumanReadableCopyright = "";
				LD_RUNPATH_SEARCH_PATHS = (
					"$(inherited)",
					"@executable_path/../Frameworks",
				);
				MACOSX_DEPLOYMENT_TARGET = 11.0;
				MARKETING_VERSION = 1.0;
				PRODUCT_BUNDLE_IDENTIFIER = d.TouchIDTest;
				PRODUCT_NAME = TouchIDTest;
				SDKROOT = macosx;
				SWIFT_EMIT_LOC_STRINGS = YES;
				SWIFT_VERSION = 5.0;
			};
			name = Debug;
		};
		067EAD492745107A003711ED /* Release */ = {
			isa = XCBuildConfiguration;
			buildSettings = {
				ASSETCATALOG_COMPILER_APPICON_NAME = AppIcon;
				ASSETCATALOG_COMPILER_GLOBAL_ACCENT_COLOR_NAME = AccentColor;
				CODE_SIGN_ENTITLEMENTS = macOS/macOS.entitlements;
				CODE_SIGN_STYLE = Automatic;
				COMBINE_HIDPI_IMAGES = YES;
				CURRENT_PROJECT_VERSION = 1;
				ENABLE_PREVIEWS = YES;
				GENERATE_INFOPLIST_FILE = YES;
				INFOPLIST_KEY_NSHumanReadableCopyright = "";
				LD_RUNPATH_SEARCH_PATHS = (
					"$(inherited)",
					"@executable_path/../Frameworks",
				);
				MACOSX_DEPLOYMENT_TARGET = 11.0;
				MARKETING_VERSION = 1.0;
				PRODUCT_BUNDLE_IDENTIFIER = d.TouchIDTest;
				PRODUCT_NAME = TouchIDTest;
				SDKROOT = macosx;
				SWIFT_EMIT_LOC_STRINGS = YES;
				SWIFT_VERSION = 5.0;
			};
			name = Release;
		};
		067EAD4B2745107A003711ED /* Debug */ = {
			isa = XCBuildConfiguration;
			buildSettings = {
				ALWAYS_EMBED_SWIFT_STANDARD_LIBRARIES = YES;
				CODE_SIGN_STYLE = Automatic;
				CURRENT_PROJECT_VERSION = 1;
				GENERATE_INFOPLIST_FILE = YES;
				IPHONEOS_DEPLOYMENT_TARGET = 15.0;
				LD_RUNPATH_SEARCH_PATHS = (
					"$(inherited)",
					"@executable_path/Frameworks",
					"@loader_path/Frameworks",
				);
				MARKETING_VERSION = 1.0;
				PRODUCT_BUNDLE_IDENTIFIER = "d.Tests-iOS";
				PRODUCT_NAME = "$(TARGET_NAME)";
				SDKROOT = iphoneos;
				SWIFT_EMIT_LOC_STRINGS = NO;
				SWIFT_VERSION = 5.0;
				TARGETED_DEVICE_FAMILY = "1,2";
				TEST_TARGET_NAME = "TouchIDTest (iOS)";
			};
			name = Debug;
		};
		067EAD4C2745107A003711ED /* Release */ = {
			isa = XCBuildConfiguration;
			buildSettings = {
				ALWAYS_EMBED_SWIFT_STANDARD_LIBRARIES = YES;
				CODE_SIGN_STYLE = Automatic;
				CURRENT_PROJECT_VERSION = 1;
				GENERATE_INFOPLIST_FILE = YES;
				IPHONEOS_DEPLOYMENT_TARGET = 15.0;
				LD_RUNPATH_SEARCH_PATHS = (
					"$(inherited)",
					"@executable_path/Frameworks",
					"@loader_path/Frameworks",
				);
				MARKETING_VERSION = 1.0;
				PRODUCT_BUNDLE_IDENTIFIER = "d.Tests-iOS";
				PRODUCT_NAME = "$(TARGET_NAME)";
				SDKROOT = iphoneos;
				SWIFT_EMIT_LOC_STRINGS = NO;
				SWIFT_VERSION = 5.0;
				TARGETED_DEVICE_FAMILY = "1,2";
				TEST_TARGET_NAME = "TouchIDTest (iOS)";
				VALIDATE_PRODUCT = YES;
			};
			name = Release;
		};
		067EAD4E2745107A003711ED /* Debug */ = {
			isa = XCBuildConfiguration;
			buildSettings = {
				ALWAYS_EMBED_SWIFT_STANDARD_LIBRARIES = YES;
				CODE_SIGN_STYLE = Automatic;
				COMBINE_HIDPI_IMAGES = YES;
				CURRENT_PROJECT_VERSION = 1;
				GENERATE_INFOPLIST_FILE = YES;
				LD_RUNPATH_SEARCH_PATHS = (
					"$(inherited)",
					"@executable_path/../Frameworks",
					"@loader_path/../Frameworks",
				);
				MACOSX_DEPLOYMENT_TARGET = 11.3;
				MARKETING_VERSION = 1.0;
				PRODUCT_BUNDLE_IDENTIFIER = "d.Tests-macOS";
				PRODUCT_NAME = "$(TARGET_NAME)";
				SDKROOT = macosx;
				SWIFT_EMIT_LOC_STRINGS = NO;
				SWIFT_VERSION = 5.0;
				TEST_TARGET_NAME = "TouchIDTest (macOS)";
			};
			name = Debug;
		};
		067EAD4F2745107A003711ED /* Release */ = {
			isa = XCBuildConfiguration;
			buildSettings = {
				ALWAYS_EMBED_SWIFT_STANDARD_LIBRARIES = YES;
				CODE_SIGN_STYLE = Automatic;
				COMBINE_HIDPI_IMAGES = YES;
				CURRENT_PROJECT_VERSION = 1;
				GENERATE_INFOPLIST_FILE = YES;
				LD_RUNPATH_SEARCH_PATHS = (
					"$(inherited)",
					"@executable_path/../Frameworks",
					"@loader_path/../Frameworks",
				);
				MACOSX_DEPLOYMENT_TARGET = 11.3;
				MARKETING_VERSION = 1.0;
				PRODUCT_BUNDLE_IDENTIFIER = "d.Tests-macOS";
				PRODUCT_NAME = "$(TARGET_NAME)";
				SDKROOT = macosx;
				SWIFT_EMIT_LOC_STRINGS = NO;
				SWIFT_VERSION = 5.0;
				TEST_TARGET_NAME = "TouchIDTest (macOS)";
			};
			name = Release;
		};
/* End XCBuildConfiguration section */

/* Begin XCConfigurationList section */
		067EAD1227451078003711ED /* Build configuration list for PBXProject "TouchIDTest" */ = {
			isa = XCConfigurationList;
			buildConfigurations = (
				067EAD422745107A003711ED /* Debug */,
				067EAD432745107A003711ED /* Release */,
			);
			defaultConfigurationIsVisible = 0;
			defaultConfigurationName = Release;
		};
		067EAD442745107A003711ED /* Build configuration list for PBXNativeTarget "TouchIDTest (iOS)" */ = {
			isa = XCConfigurationList;
			buildConfigurations = (
				067EAD452745107A003711ED /* Debug */,
				067EAD462745107A003711ED /* Release */,
			);
			defaultConfigurationIsVisible = 0;
			defaultConfigurationName = Release;
		};
		067EAD472745107A003711ED /* Build configuration list for PBXNativeTarget "TouchIDTest (macOS)" */ = {
			isa = XCConfigurationList;
			buildConfigurations = (
				067EAD482745107A003711ED /* Debug */,
				067EAD492745107A003711ED /* Release */,
			);
			defaultConfigurationIsVisible = 0;
			defaultConfigurationName = Release;
		};
		067EAD4A2745107A003711ED /* Build configuration list for PBXNativeTarget "Tests iOS" */ = {
			isa = XCConfigurationList;
			buildConfigurations = (
				067EAD4B2745107A003711ED /* Debug */,
				067EAD4C2745107A003711ED /* Release */,
			);
			defaultConfigurationIsVisible = 0;
			defaultConfigurationName = Release;
		};
		067EAD4D2745107A003711ED /* Build configuration list for PBXNativeTarget "Tests macOS" */ = {
			isa = XCConfigurationList;
			buildConfigurations = (
				067EAD4E2745107A003711ED /* Debug */,
				067EAD4F2745107A003711ED /* Release */,
			);
			defaultConfigurationIsVisible = 0;
			defaultConfigurationName = Release;
		};
/* End XCConfigurationList section */
	};
	rootObject = 067EAD0F27451078003711ED /* Project object */;
}
